
Microsoft Visual Studio Solution File, Format Version 12.00
# Visual Studio 2013
VisualStudioVersion = 12.0.31101.0
MinimumVisualStudioVersion = 10.0.40219.1
Project("{FAE04EC0-301F-11D3-BF4B-00C04F79EFBC}") = "PLCG", "PLCG\PLCG.csproj", "{115A13E0-3F09-401A-99CF-A4807D1DE5EB}"
EndProject
Project("{2150E333-8FDC-42A3-9474-1A3956D46DE8}") = "PublishScripts", "PublishScripts", "{55329F03-2D47-493B-A8FC-26B90D281C67}"
	ProjectSection(SolutionItems) = preProject
		PublishScripts\AzureWebsitePublishModule.psm1 = PublishScripts\AzureWebsitePublishModule.psm1
		PublishScripts\Publish-WebApplicationWebsite.ps1 = PublishScripts\Publish-WebApplicationWebsite.ps1
	EndProjectSection
EndProject
Project("{2150E333-8FDC-42A3-9474-1A3956D46DE8}") = "Configurations", "Configurations", "{ABE13C44-E447-4BE8-BA74-34E70047588D}"
	ProjectSection(SolutionItems) = preProject
		PublishScripts\Configurations\PLCG-WAWS-dev.json = PublishScripts\Configurations\PLCG-WAWS-dev.json
	EndProjectSection
EndProject
Global
	GlobalSection(SolutionConfigurationPlatforms) = preSolution
		Debug|Any CPU = Debug|Any CPU
		Release|Any CPU = Release|Any CPU
	EndGlobalSection
	GlobalSection(ProjectConfigurationPlatforms) = postSolution
		{115A13E0-3F09-401A-99CF-A4807D1DE5EB}.Debug|Any CPU.ActiveCfg = Debug|Any CPU
		{115A13E0-3F09-401A-99CF-A4807D1DE5EB}.Debug|Any CPU.Build.0 = Debug|Any CPU
		{115A13E0-3F09-401A-99CF-A4807D1DE5EB}.Release|Any CPU.ActiveCfg = Release|Any CPU
		{115A13E0-3F09-401A-99CF-A4807D1DE5EB}.Release|Any CPU.Build.0 = Release|Any CPU
	EndGlobalSection
	GlobalSection(SolutionProperties) = preSolution
		HideSolutionNode = FALSE
	EndGlobalSection
	GlobalSection(NestedProjects) = preSolution
		{ABE13C44-E447-4BE8-BA74-34E70047588D} = {55329F03-2D47-493B-A8FC-26B90D281C67}
	EndGlobalSection
EndGlobal
